PODS:
  - ChameleonFramework/Default (2.1.0)
  - ChameleonFramework/Swift (2.1.0):
    - ChameleonFramework/Default
  - ECSlidingViewController (2.0.3)
  - FontAwesome.swift (1.4.6)
  - JTAppleCalendar (7.1.6)
  - Realm (3.11.2):
    - Realm/Headers (= 3.11.2)
  - Realm/Headers (3.11.2)
  - RealmSwift (3.11.2):
    - Realm (= 3.11.2)
  - SwipeCellKit (2.5.0)

DEPENDENCIES:
  - ChameleonFramework/Swift (from `https://github.com/ViccAlexander/Chameleon.git`)
  - ECSlidingViewController
  - FontAwesome.swift
  - JTAppleCalendar (from `https://github.com/patchthecode/JTAppleCalendar.git`, branch `master`)
  - RealmSwift
  - SwipeCellKit

SPEC REPOS:
  https://github.com/cocoapods/specs.git:
    - ECSlidingViewController
    - FontAwesome.swift
    - Realm
    - RealmSwift
    - SwipeCellKit

EXTERNAL SOURCES:
  ChameleonFramework:
    :git: https://github.com/ViccAlexander/Chameleon.git
  JTAppleCalendar:
    :branch: master
    :git: https://github.com/patchthecode/JTAppleCalendar.git

CHECKOUT OPTIONS:
  ChameleonFramework:
    :commit: 6dd284bde21ea2e7f9fd89bc36f40df16e16369d
    :git: https://github.com/ViccAlexander/Chameleon.git
  JTAppleCalendar:
    :commit: 1db39cd4c2eea1df7cbb844c0b6a2e453d7da4b0
    :git: https://github.com/patchthecode/JTAppleCalendar.git

SPEC CHECKSUMS:
  ChameleonFramework: d21a3cc247abfe5e37609a283a8238b03575cf64
  ECSlidingViewController: 6485c14f23b4487e9946535421ca8f111f86cc53
  FontAwesome.swift: 18fb500c0decc2bbfadf2ae16a936704ec2c49bd
  JTAppleCalendar: abb30678f42a4ef8a340a932b1dcb8c85a33dac2
  Realm: 864477d028db77f7c5a0cba64a4892ad53db128a
  RealmSwift: 12b8262fc08020b47de4fd88eb3d5c9425b34ec7
  SwipeCellKit: d8f2617538ce3021cb0a11d1b93856a06a2f2e20

PODFILE CHECKSUM: 66d8eab7e24299a495b6a6b819319b8f0ff21dfd

COCOAPODS: 1.5.3
